
Microsoft Visual Studio Solution File, Format Version 12.00
# Visual Studio Version 16
VisualStudioVersion = 16.0.31624.102
MinimumVisualStudioVersion = 10.0.40219.1
Project("{2150E333-8FDC-42A3-9474-1A3956D46DE8}") = "Lab1", "Lab1", "{E148FAF9-1A7B-4C33-B636-132F87A14DBA}"
EndProject
Project("{2150E333-8FDC-42A3-9474-1A3956D46DE8}") = "Lab2", "Lab2", "{30601D71-6F48-40E8-A103-DB4C532C9EB5}"
EndProject
Project("{2150E333-8FDC-42A3-9474-1A3956D46DE8}") = "LAb3", "LAb3", "{E785ABDE-9755-462F-8E7A-895B0F4D7CF3}"
EndProject
Project("{8BC9CEB8-8B4A-11D0-8D11-00A0C91BC942}") = "Part1", "Lab1\Part1\Part1.vcxproj", "{F2507D91-631E-4666-BC66-98A74067E41F}"
EndProject
Project("{8BC9CEB8-8B4A-11D0-8D11-00A0C91BC942}") = "Part2", "Lab1\Part2\Part2.vcxproj", "{5DB44671-9114-4A62-9E80-A1F7B999CB4C}"
EndProject
Project("{8BC9CEB8-8B4A-11D0-8D11-00A0C91BC942}") = "Part1", "Lab2\Part1\Part1.vcxproj", "{D7037FEF-9346-4EE4-98F4-B8EDF66F094C}"
EndProject
Project("{8BC9CEB8-8B4A-11D0-8D11-00A0C91BC942}") = "Part2", "Lab2\Part2\Part2.vcxproj", "{B960CFAB-CA80-4BB8-9ECA-73A48612E490}"
EndProject
Project("{8BC9CEB8-8B4A-11D0-8D11-00A0C91BC942}") = "Part1", "Lab3\Part1\Part1.vcxproj", "{D8C5884F-05CB-420E-8197-FE2FC5C8FE8E}"
EndProject
Project("{8BC9CEB8-8B4A-11D0-8D11-00A0C91BC942}") = "Part3", "Lab2\Part3\Part3.vcxproj", "{9474DFA7-6889-45A8-BD31-64628ED91843}"
EndProject
Project("{8BC9CEB8-8B4A-11D0-8D11-00A0C91BC942}") = "Part2", "Lab3\Part2\Part2.vcxproj", "{3EEA41E5-8CBA-410D-83AC-108A8ECA97FB}"
EndProject
Project("{8BC9CEB8-8B4A-11D0-8D11-00A0C91BC942}") = "Part3", "Lab3\Part3\Part3.vcxproj", "{70B10C38-4A16-4513-86C9-0CD3A03E4AD8}"
EndProject
Project("{8BC9CEB8-8B4A-11D0-8D11-00A0C91BC942}") = "Part4", "Lab3\Part4\Part4.vcxproj", "{A1E77C3F-2DB8-4A7E-A559-F913D8F9E7AB}"
EndProject
Project("{2150E333-8FDC-42A3-9474-1A3956D46DE8}") = "Lab4", "Lab4", "{D0FF9665-6C46-4D01-A4C2-D275B38C8743}"
EndProject
Project("{8BC9CEB8-8B4A-11D0-8D11-00A0C91BC942}") = "Part1", "Lab4\Part1\Part1.vcxproj", "{8A17A1B7-6EFE-4F5B-A6F8-A28F3612D19E}"
EndProject
Project("{8BC9CEB8-8B4A-11D0-8D11-00A0C91BC942}") = "Part2", "Lab4\Part2\Part2.vcxproj", "{AE6CD100-29B6-4015-9172-E043677F8960}"
EndProject
Project("{8BC9CEB8-8B4A-11D0-8D11-00A0C91BC942}") = "Part3", "Lab4\Part3\Part3.vcxproj", "{3332C7F4-FE5A-40AD-9A0C-E872187BCE1E}"
EndProject
Project("{8BC9CEB8-8B4A-11D0-8D11-00A0C91BC942}") = "Part4", "Lab4\Part4\Part4.vcxproj", "{AE339B0B-6FE5-4A37-B12F-C10BC18BC4DA}"
EndProject
Global
	GlobalSection(SolutionConfigurationPlatforms) = preSolution
		Debug|x64 = Debug|x64
		Debug|x86 = Debug|x86
		Release|x64 = Release|x64
		Release|x86 = Release|x86
	EndGlobalSection
	GlobalSection(ProjectConfigurationPlatforms) = postSolution
		{F2507D91-631E-4666-BC66-98A74067E41F}.Debug|x64.ActiveCfg = Debug|x64
		{F2507D91-631E-4666-BC66-98A74067E41F}.Debug|x64.Build.0 = Debug|x64
		{F2507D91-631E-4666-BC66-98A74067E41F}.Debug|x86.ActiveCfg = Debug|Win32
		{F2507D91-631E-4666-BC66-98A74067E41F}.Debug|x86.Build.0 = Debug|Win32
		{F2507D91-631E-4666-BC66-98A74067E41F}.Release|x64.ActiveCfg = Release|x64
		{F2507D91-631E-4666-BC66-98A74067E41F}.Release|x64.Build.0 = Release|x64
		{F2507D91-631E-4666-BC66-98A74067E41F}.Release|x86.ActiveCfg = Release|Win32
		{F2507D91-631E-4666-BC66-98A74067E41F}.Release|x86.Build.0 = Release|Win32
		{5DB44671-9114-4A62-9E80-A1F7B999CB4C}.Debug|x64.ActiveCfg = Debug|x64
		{5DB44671-9114-4A62-9E80-A1F7B999CB4C}.Debug|x64.Build.0 = Debug|x64
		{5DB44671-9114-4A62-9E80-A1F7B999CB4C}.Debug|x86.ActiveCfg = Debug|Win32
		{5DB44671-9114-4A62-9E80-A1F7B999CB4C}.Debug|x86.Build.0 = Debug|Win32
		{5DB44671-9114-4A62-9E80-A1F7B999CB4C}.Release|x64.ActiveCfg = Release|x64
		{5DB44671-9114-4A62-9E80-A1F7B999CB4C}.Release|x64.Build.0 = Release|x64
		{5DB44671-9114-4A62-9E80-A1F7B999CB4C}.Release|x86.ActiveCfg = Release|Win32
		{5DB44671-9114-4A62-9E80-A1F7B999CB4C}.Release|x86.Build.0 = Release|Win32
		{D7037FEF-9346-4EE4-98F4-B8EDF66F094C}.Debug|x64.ActiveCfg = Debug|x64
		{D7037FEF-9346-4EE4-98F4-B8EDF66F094C}.Debug|x64.Build.0 = Debug|x64
		{D7037FEF-9346-4EE4-98F4-B8EDF66F094C}.Debug|x86.ActiveCfg = Debug|Win32
		{D7037FEF-9346-4EE4-98F4-B8EDF66F094C}.Debug|x86.Build.0 = Debug|Win32
		{D7037FEF-9346-4EE4-98F4-B8EDF66F094C}.Release|x64.ActiveCfg = Release|x64
		{D7037FEF-9346-4EE4-98F4-B8EDF66F094C}.Release|x64.Build.0 = Release|x64
		{D7037FEF-9346-4EE4-98F4-B8EDF66F094C}.Release|x86.ActiveCfg = Release|Win32
		{D7037FEF-9346-4EE4-98F4-B8EDF66F094C}.Release|x86.Build.0 = Release|Win32
		{B960CFAB-CA80-4BB8-9ECA-73A48612E490}.Debug|x64.ActiveCfg = Debug|x64
		{B960CFAB-CA80-4BB8-9ECA-73A48612E490}.Debug|x64.Build.0 = Debug|x64
		{B960CFAB-CA80-4BB8-9ECA-73A48612E490}.Debug|x86.ActiveCfg = Debug|Win32
		{B960CFAB-CA80-4BB8-9ECA-73A48612E490}.Debug|x86.Build.0 = Debug|Win32
		{B960CFAB-CA80-4BB8-9ECA-73A48612E490}.Release|x64.ActiveCfg = Release|x64
		{B960CFAB-CA80-4BB8-9ECA-73A48612E490}.Release|x64.Build.0 = Release|x64
		{B960CFAB-CA80-4BB8-9ECA-73A48612E490}.Release|x86.ActiveCfg = Release|Win32
		{B960CFAB-CA80-4BB8-9ECA-73A48612E490}.Release|x86.Build.0 = Release|Win32
		{D8C5884F-05CB-420E-8197-FE2FC5C8FE8E}.Debug|x64.ActiveCfg = Debug|x64
		{D8C5884F-05CB-420E-8197-FE2FC5C8FE8E}.Debug|x64.Build.0 = Debug|x64
		{D8C5884F-05CB-420E-8197-FE2FC5C8FE8E}.Debug|x86.ActiveCfg = Debug|Win32
		{D8C5884F-05CB-420E-8197-FE2FC5C8FE8E}.Debug|x86.Build.0 = Debug|Win32
		{D8C5884F-05CB-420E-8197-FE2FC5C8FE8E}.Release|x64.ActiveCfg = Release|x64
		{D8C5884F-05CB-420E-8197-FE2FC5C8FE8E}.Release|x64.Build.0 = Release|x64
		{D8C5884F-05CB-420E-8197-FE2FC5C8FE8E}.Release|x86.ActiveCfg = Release|Win32
		{D8C5884F-05CB-420E-8197-FE2FC5C8FE8E}.Release|x86.Build.0 = Release|Win32
		{9474DFA7-6889-45A8-BD31-64628ED91843}.Debug|x64.ActiveCfg = Debug|x64
		{9474DFA7-6889-45A8-BD31-64628ED91843}.Debug|x64.Build.0 = Debug|x64
		{9474DFA7-6889-45A8-BD31-64628ED91843}.Debug|x86.ActiveCfg = Debug|Win32
		{9474DFA7-6889-45A8-BD31-64628ED91843}.Debug|x86.Build.0 = Debug|Win32
		{9474DFA7-6889-45A8-BD31-64628ED91843}.Release|x64.ActiveCfg = Release|x64
		{9474DFA7-6889-45A8-BD31-64628ED91843}.Release|x64.Build.0 = Release|x64
		{9474DFA7-6889-45A8-BD31-64628ED91843}.Release|x86.ActiveCfg = Release|Win32
		{9474DFA7-6889-45A8-BD31-64628ED91843}.Release|x86.Build.0 = Release|Win32
		{3EEA41E5-8CBA-410D-83AC-108A8ECA97FB}.Debug|x64.ActiveCfg = Debug|x64
		{3EEA41E5-8CBA-410D-83AC-108A8ECA97FB}.Debug|x64.Build.0 = Debug|x64
		{3EEA41E5-8CBA-410D-83AC-108A8ECA97FB}.Debug|x86.ActiveCfg = Debug|Win32
		{3EEA41E5-8CBA-410D-83AC-108A8ECA97FB}.Debug|x86.Build.0 = Debug|Win32
		{3EEA41E5-8CBA-410D-83AC-108A8ECA97FB}.Release|x64.ActiveCfg = Release|x64
		{3EEA41E5-8CBA-410D-83AC-108A8ECA97FB}.Release|x64.Build.0 = Release|x64
		{3EEA41E5-8CBA-410D-83AC-108A8ECA97FB}.Release|x86.ActiveCfg = Release|Win32
		{3EEA41E5-8CBA-410D-83AC-108A8ECA97FB}.Release|x86.Build.0 = Release|Win32
		{70B10C38-4A16-4513-86C9-0CD3A03E4AD8}.Debug|x64.ActiveCfg = Debug|x64
		{70B10C38-4A16-4513-86C9-0CD3A03E4AD8}.Debug|x64.Build.0 = Debug|x64
		{70B10C38-4A16-4513-86C9-0CD3A03E4AD8}.Debug|x86.ActiveCfg = Debug|Win32
		{70B10C38-4A16-4513-86C9-0CD3A03E4AD8}.Debug|x86.Build.0 = Debug|Win32
		{70B10C38-4A16-4513-86C9-0CD3A03E4AD8}.Release|x64.ActiveCfg = Release|x64
		{70B10C38-4A16-4513-86C9-0CD3A03E4AD8}.Release|x64.Build.0 = Release|x64
		{70B10C38-4A16-4513-86C9-0CD3A03E4AD8}.Release|x86.ActiveCfg = Release|Win32
		{70B10C38-4A16-4513-86C9-0CD3A03E4AD8}.Release|x86.Build.0 = Release|Win32
		{A1E77C3F-2DB8-4A7E-A559-F913D8F9E7AB}.Debug|x64.ActiveCfg = Debug|x64
		{A1E77C3F-2DB8-4A7E-A559-F913D8F9E7AB}.Debug|x64.Build.0 = Debug|x64
		{A1E77C3F-2DB8-4A7E-A559-F913D8F9E7AB}.Debug|x86.ActiveCfg = Debug|Win32
		{A1E77C3F-2DB8-4A7E-A559-F913D8F9E7AB}.Debug|x86.Build.0 = Debug|Win32
		{A1E77C3F-2DB8-4A7E-A559-F913D8F9E7AB}.Release|x64.ActiveCfg = Release|x64
		{A1E77C3F-2DB8-4A7E-A559-F913D8F9E7AB}.Release|x64.Build.0 = Release|x64
		{A1E77C3F-2DB8-4A7E-A559-F913D8F9E7AB}.Release|x86.ActiveCfg = Release|Win32
		{A1E77C3F-2DB8-4A7E-A559-F913D8F9E7AB}.Release|x86.Build.0 = Release|Win32
		{8A17A1B7-6EFE-4F5B-A6F8-A28F3612D19E}.Debug|x64.ActiveCfg = Debug|x64
		{8A17A1B7-6EFE-4F5B-A6F8-A28F3612D19E}.Debug|x64.Build.0 = Debug|x64
		{8A17A1B7-6EFE-4F5B-A6F8-A28F3612D19E}.Debug|x86.ActiveCfg = Debug|Win32
		{8A17A1B7-6EFE-4F5B-A6F8-A28F3612D19E}.Debug|x86.Build.0 = Debug|Win32
		{8A17A1B7-6EFE-4F5B-A6F8-A28F3612D19E}.Release|x64.ActiveCfg = Release|x64
		{8A17A1B7-6EFE-4F5B-A6F8-A28F3612D19E}.Release|x64.Build.0 = Release|x64
		{8A17A1B7-6EFE-4F5B-A6F8-A28F3612D19E}.Release|x86.ActiveCfg = Release|Win32
		{8A17A1B7-6EFE-4F5B-A6F8-A28F3612D19E}.Release|x86.Build.0 = Release|Win32
		{AE6CD100-29B6-4015-9172-E043677F8960}.Debug|x64.ActiveCfg = Debug|x64
		{AE6CD100-29B6-4015-9172-E043677F8960}.Debug|x64.Build.0 = Debug|x64
		{AE6CD100-29B6-4015-9172-E043677F8960}.Debug|x86.ActiveCfg = Debug|Win32
		{AE6CD100-29B6-4015-9172-E043677F8960}.Debug|x86.Build.0 = Debug|Win32
		{AE6CD100-29B6-4015-9172-E043677F8960}.Release|x64.ActiveCfg = Release|x64
		{AE6CD100-29B6-4015-9172-E043677F8960}.Release|x64.Build.0 = Release|x64
		{AE6CD100-29B6-4015-9172-E043677F8960}.Release|x86.ActiveCfg = Release|Win32
		{AE6CD100-29B6-4015-9172-E043677F8960}.Release|x86.Build.0 = Release|Win32
		{3332C7F4-FE5A-40AD-9A0C-E872187BCE1E}.Debug|x64.ActiveCfg = Debug|x64
		{3332C7F4-FE5A-40AD-9A0C-E872187BCE1E}.Debug|x64.Build.0 = Debug|x64
		{3332C7F4-FE5A-40AD-9A0C-E872187BCE1E}.Debug|x86.ActiveCfg = Debug|Win32
		{3332C7F4-FE5A-40AD-9A0C-E872187BCE1E}.Debug|x86.Build.0 = Debug|Win32
		{3332C7F4-FE5A-40AD-9A0C-E872187BCE1E}.Release|x64.ActiveCfg = Release|x64
		{3332C7F4-FE5A-40AD-9A0C-E872187BCE1E}.Release|x64.Build.0 = Release|x64
		{3332C7F4-FE5A-40AD-9A0C-E872187BCE1E}.Release|x86.ActiveCfg = Release|Win32
		{3332C7F4-FE5A-40AD-9A0C-E872187BCE1E}.Release|x86.Build.0 = Release|Win32
		{AE339B0B-6FE5-4A37-B12F-C10BC18BC4DA}.Debug|x64.ActiveCfg = Debug|x64
		{AE339B0B-6FE5-4A37-B12F-C10BC18BC4DA}.Debug|x64.Build.0 = Debug|x64
		{AE339B0B-6FE5-4A37-B12F-C10BC18BC4DA}.Debug|x86.ActiveCfg = Debug|Win32
		{AE339B0B-6FE5-4A37-B12F-C10BC18BC4DA}.Debug|x86.Build.0 = Debug|Win32
		{AE339B0B-6FE5-4A37-B12F-C10BC18BC4DA}.Release|x64.ActiveCfg = Release|x64
		{AE339B0B-6FE5-4A37-B12F-C10BC18BC4DA}.Release|x64.Build.0 = Release|x64
		{AE339B0B-6FE5-4A37-B12F-C10BC18BC4DA}.Release|x86.ActiveCfg = Release|Win32
		{AE339B0B-6FE5-4A37-B12F-C10BC18BC4DA}.Release|x86.Build.0 = Release|Win32
	EndGlobalSection
	GlobalSection(SolutionProperties) = preSolution
		HideSolutionNode = FALSE
	EndGlobalSection
	GlobalSection(NestedProjects) = preSolution
		{F2507D91-631E-4666-BC66-98A74067E41F} = {E148FAF9-1A7B-4C33-B636-132F87A14DBA}
		{5DB44671-9114-4A62-9E80-A1F7B999CB4C} = {E148FAF9-1A7B-4C33-B636-132F87A14DBA}
		{D7037FEF-9346-4EE4-98F4-B8EDF66F094C} = {30601D71-6F48-40E8-A103-DB4C532C9EB5}
		{B960CFAB-CA80-4BB8-9ECA-73A48612E490} = {30601D71-6F48-40E8-A103-DB4C532C9EB5}
		{D8C5884F-05CB-420E-8197-FE2FC5C8FE8E} = {E785ABDE-9755-462F-8E7A-895B0F4D7CF3}
		{9474DFA7-6889-45A8-BD31-64628ED91843} = {30601D71-6F48-40E8-A103-DB4C532C9EB5}
		{3EEA41E5-8CBA-410D-83AC-108A8ECA97FB} = {E785ABDE-9755-462F-8E7A-895B0F4D7CF3}
		{70B10C38-4A16-4513-86C9-0CD3A03E4AD8} = {E785ABDE-9755-462F-8E7A-895B0F4D7CF3}
		{A1E77C3F-2DB8-4A7E-A559-F913D8F9E7AB} = {E785ABDE-9755-462F-8E7A-895B0F4D7CF3}
		{8A17A1B7-6EFE-4F5B-A6F8-A28F3612D19E} = {D0FF9665-6C46-4D01-A4C2-D275B38C8743}
		{AE6CD100-29B6-4015-9172-E043677F8960} = {D0FF9665-6C46-4D01-A4C2-D275B38C8743}
		{3332C7F4-FE5A-40AD-9A0C-E872187BCE1E} = {D0FF9665-6C46-4D01-A4C2-D275B38C8743}
		{AE339B0B-6FE5-4A37-B12F-C10BC18BC4DA} = {D0FF9665-6C46-4D01-A4C2-D275B38C8743}
	EndGlobalSection
	GlobalSection(ExtensibilityGlobals) = postSolution
		SolutionGuid = {234B1552-2BB5-4BA0-9B57-6A1BDAE2EBD2}
	EndGlobalSection
EndGlobal
